
Microsoft Visual Studio Solution File, Format Version 12.00
# Visual Studio Version 16
VisualStudioVersion = 16.0.29102.190
MinimumVisualStudioVersion = 10.0.40219.1
Project("{2150E333-8FDC-42A3-9474-1A3956D46DE8}") = "src", "src", "{75F25E2D-81E1-4727-8F51-265E6F2EEF1A}"
EndProject
Project("{9A19103F-16F7-4668-BE54-9A1E7A4F7556}") = "Core", "src\Core\Core.csproj", "{2FF94865-AC08-40E6-914D-4880A3DDBF2C}"
EndProject
Project("{2150E333-8FDC-42A3-9474-1A3956D46DE8}") = "testes", "testes", "{2E85ECB0-5ED5-4E09-B69F-F5A5C5D78727}"
EndProject
Project("{9A19103F-16F7-4668-BE54-9A1E7A4F7556}") = "LeitoresDeMovimentacao.Log.TestesUnitarios", "testes\LeitoresDeMovimentacao\FormatoLog\LeitoresDeMovimentacao.Log.TestesUnitarios.csproj", "{5A4CE384-4271-451B-8200-37A823137247}"
EndProject
Project("{9A19103F-16F7-4668-BE54-9A1E7A4F7556}") = "LeitoresDeMovimentacao.Log", "src\LeitoresDeMovimentacao\FormatoLog\LeitoresDeMovimentacao.Log.csproj", "{5668A1A1-684D-4946-897E-E15D824D386D}"
EndProject
Project("{9A19103F-16F7-4668-BE54-9A1E7A4F7556}") = "Utils", "src\Utils\Utils.csproj", "{318EF409-6093-45DF-A3B0-6F9638938C3E}"
EndProject
Project("{9A19103F-16F7-4668-BE54-9A1E7A4F7556}") = "Utils.TestesUnitarios", "testes\Utils.TestesUnitarios\Utils.TestesUnitarios.csproj", "{31FE1946-121A-4315-8DF7-1F4FE8844150}"
EndProject
Project("{9A19103F-16F7-4668-BE54-9A1E7A4F7556}") = "LeitoresDeMovimentacao.Api", "src\LeitoresDeMovimentacao\Api\LeitoresDeMovimentacao.Api.csproj", "{87A3A579-6E6C-4DDB-ACF4-60193A154F90}"
EndProject
Project("{2150E333-8FDC-42A3-9474-1A3956D46DE8}") = "LeitoresDeMovimentacao", "LeitoresDeMovimentacao", "{331DD4D9-6186-4407-8D9E-FF8DF0A99E85}"
EndProject
Project("{2150E333-8FDC-42A3-9474-1A3956D46DE8}") = "LeitoresDeMovimentacao", "LeitoresDeMovimentacao", "{E131F990-9041-46F7-AEF2-E9F57A28E570}"
EndProject
Project("{9A19103F-16F7-4668-BE54-9A1E7A4F7556}") = "LeitoresDeMovimentacao.Json.TestesUnitarios", "testes\LeitoresDeMovimentacao\Json\LeitoresDeMovimentacao.Json.TestesUnitarios.csproj", "{56DD3A3A-5778-4528-8053-48024D6F020C}"
EndProject
Project("{9A19103F-16F7-4668-BE54-9A1E7A4F7556}") = "LeitoresDeMovimentacao.Json", "src\LeitoresDeMovimentacao\Json\LeitoresDeMovimentacao.Json.csproj", "{EEE7C2C4-2E3F-4A67-A266-27CC4AFB3552}"
EndProject
Project("{9A19103F-16F7-4668-BE54-9A1E7A4F7556}") = "LeitoresDeMovimentacao.Api.TestesUnitarios", "testes\LeitoresDeMovimentacao\Api\LeitoresDeMovimentacao.Api.TestesUnitarios.csproj", "{AE6BF6D9-4D9D-4EC4-952B-FD2DC3C0A938}"
EndProject
Project("{9A19103F-16F7-4668-BE54-9A1E7A4F7556}") = "Aplicacao", "src\Aplicacao\Aplicacao.csproj", "{93C0669A-68AE-409A-A9CD-B03ED75817AB}"
EndProject
Project("{9A19103F-16F7-4668-BE54-9A1E7A4F7556}") = "LeitoresDeMovimentacao.Abstracoes", "src\LeitoresDeMovimentacao\Abstracoes\LeitoresDeMovimentacao.Abstracoes.csproj", "{C7C47FD0-DB74-4748-A528-CC237AE92995}"
EndProject
Project("{2150E333-8FDC-42A3-9474-1A3956D46DE8}") = "Abstracoes", "Abstracoes", "{31421E91-FA27-473F-961E-9DD5DBEEE17E}"
EndProject
Project("{2150E333-8FDC-42A3-9474-1A3956D46DE8}") = "Api", "Api", "{9E189356-E38E-429E-8FEC-04A104BBD590}"
EndProject
Project("{2150E333-8FDC-42A3-9474-1A3956D46DE8}") = "Json", "Json", "{FAF32A54-736C-451A-ACE9-F30B00095D44}"
EndProject
Project("{2150E333-8FDC-42A3-9474-1A3956D46DE8}") = "Log", "Log", "{40031EF0-99A4-4B06-8E33-4A00B8B98D56}"
EndProject
Project("{2150E333-8FDC-42A3-9474-1A3956D46DE8}") = "Api", "Api", "{33054C29-CA4D-435A-AE16-545603BC8E2B}"
EndProject
Project("{2150E333-8FDC-42A3-9474-1A3956D46DE8}") = "Json", "Json", "{04BFDC98-586D-4498-AB62-6C239C62E466}"
EndProject
Project("{2150E333-8FDC-42A3-9474-1A3956D46DE8}") = "Log", "Log", "{98453C2A-3662-466A-A356-79D929C2C52A}"
EndProject
Project("{9A19103F-16F7-4668-BE54-9A1E7A4F7556}") = "Aplicacao.TestesUnitarios", "testes\Aplicacao.TestesUnitarios\Aplicacao.TestesUnitarios.csproj", "{C0DA0D49-7E66-4A3C-8A55-C2380BBB32C2}"
EndProject
Project("{FAE04EC0-301F-11D3-BF4B-00C04F79EFBC}") = "Aplicacao.Console", "src\Aplicacao.Console\Aplicacao.Console.csproj", "{1EC60AE8-5FBB-40D8-AB35-514E2925194B}"
EndProject
Global
	GlobalSection(SolutionConfigurationPlatforms) = preSolution
		Debug|Any CPU = Debug|Any CPU
		Release|Any CPU = Release|Any CPU
	EndGlobalSection
	GlobalSection(ProjectConfigurationPlatforms) = postSolution
		{2FF94865-AC08-40E6-914D-4880A3DDBF2C}.Debug|Any CPU.ActiveCfg = Debug|Any CPU
		{2FF94865-AC08-40E6-914D-4880A3DDBF2C}.Debug|Any CPU.Build.0 = Debug|Any CPU
		{2FF94865-AC08-40E6-914D-4880A3DDBF2C}.Release|Any CPU.ActiveCfg = Release|Any CPU
		{2FF94865-AC08-40E6-914D-4880A3DDBF2C}.Release|Any CPU.Build.0 = Release|Any CPU
		{5A4CE384-4271-451B-8200-37A823137247}.Debug|Any CPU.ActiveCfg = Debug|Any CPU
		{5A4CE384-4271-451B-8200-37A823137247}.Debug|Any CPU.Build.0 = Debug|Any CPU
		{5A4CE384-4271-451B-8200-37A823137247}.Release|Any CPU.ActiveCfg = Release|Any CPU
		{5A4CE384-4271-451B-8200-37A823137247}.Release|Any CPU.Build.0 = Release|Any CPU
		{5668A1A1-684D-4946-897E-E15D824D386D}.Debug|Any CPU.ActiveCfg = Debug|Any CPU
		{5668A1A1-684D-4946-897E-E15D824D386D}.Debug|Any CPU.Build.0 = Debug|Any CPU
		{5668A1A1-684D-4946-897E-E15D824D386D}.Release|Any CPU.ActiveCfg = Release|Any CPU
		{5668A1A1-684D-4946-897E-E15D824D386D}.Release|Any CPU.Build.0 = Release|Any CPU
		{318EF409-6093-45DF-A3B0-6F9638938C3E}.Debug|Any CPU.ActiveCfg = Debug|Any CPU
		{318EF409-6093-45DF-A3B0-6F9638938C3E}.Debug|Any CPU.Build.0 = Debug|Any CPU
		{318EF409-6093-45DF-A3B0-6F9638938C3E}.Release|Any CPU.ActiveCfg = Release|Any CPU
		{318EF409-6093-45DF-A3B0-6F9638938C3E}.Release|Any CPU.Build.0 = Release|Any CPU
		{31FE1946-121A-4315-8DF7-1F4FE8844150}.Debug|Any CPU.ActiveCfg = Debug|Any CPU
		{31FE1946-121A-4315-8DF7-1F4FE8844150}.Debug|Any CPU.Build.0 = Debug|Any CPU
		{31FE1946-121A-4315-8DF7-1F4FE8844150}.Release|Any CPU.ActiveCfg = Release|Any CPU
		{31FE1946-121A-4315-8DF7-1F4FE8844150}.Release|Any CPU.Build.0 = Release|Any CPU
		{87A3A579-6E6C-4DDB-ACF4-60193A154F90}.Debug|Any CPU.ActiveCfg = Debug|Any CPU
		{87A3A579-6E6C-4DDB-ACF4-60193A154F90}.Debug|Any CPU.Build.0 = Debug|Any CPU
		{87A3A579-6E6C-4DDB-ACF4-60193A154F90}.Release|Any CPU.ActiveCfg = Release|Any CPU
		{87A3A579-6E6C-4DDB-ACF4-60193A154F90}.Release|Any CPU.Build.0 = Release|Any CPU
		{56DD3A3A-5778-4528-8053-48024D6F020C}.Debug|Any CPU.ActiveCfg = Debug|Any CPU
		{56DD3A3A-5778-4528-8053-48024D6F020C}.Debug|Any CPU.Build.0 = Debug|Any CPU
		{56DD3A3A-5778-4528-8053-48024D6F020C}.Release|Any CPU.ActiveCfg = Release|Any CPU
		{56DD3A3A-5778-4528-8053-48024D6F020C}.Release|Any CPU.Build.0 = Release|Any CPU
		{EEE7C2C4-2E3F-4A67-A266-27CC4AFB3552}.Debug|Any CPU.ActiveCfg = Debug|Any CPU
		{EEE7C2C4-2E3F-4A67-A266-27CC4AFB3552}.Debug|Any CPU.Build.0 = Debug|Any CPU
		{EEE7C2C4-2E3F-4A67-A266-27CC4AFB3552}.Release|Any CPU.ActiveCfg = Release|Any CPU
		{EEE7C2C4-2E3F-4A67-A266-27CC4AFB3552}.Release|Any CPU.Build.0 = Release|Any CPU
		{AE6BF6D9-4D9D-4EC4-952B-FD2DC3C0A938}.Debug|Any CPU.ActiveCfg = Debug|Any CPU
		{AE6BF6D9-4D9D-4EC4-952B-FD2DC3C0A938}.Debug|Any CPU.Build.0 = Debug|Any CPU
		{AE6BF6D9-4D9D-4EC4-952B-FD2DC3C0A938}.Release|Any CPU.ActiveCfg = Release|Any CPU
		{AE6BF6D9-4D9D-4EC4-952B-FD2DC3C0A938}.Release|Any CPU.Build.0 = Release|Any CPU
		{93C0669A-68AE-409A-A9CD-B03ED75817AB}.Debug|Any CPU.ActiveCfg = Debug|Any CPU
		{93C0669A-68AE-409A-A9CD-B03ED75817AB}.Debug|Any CPU.Build.0 = Debug|Any CPU
		{93C0669A-68AE-409A-A9CD-B03ED75817AB}.Release|Any CPU.ActiveCfg = Release|Any CPU
		{93C0669A-68AE-409A-A9CD-B03ED75817AB}.Release|Any CPU.Build.0 = Release|Any CPU
		{C7C47FD0-DB74-4748-A528-CC237AE92995}.Debug|Any CPU.ActiveCfg = Debug|Any CPU
		{C7C47FD0-DB74-4748-A528-CC237AE92995}.Debug|Any CPU.Build.0 = Debug|Any CPU
		{C7C47FD0-DB74-4748-A528-CC237AE92995}.Release|Any CPU.ActiveCfg = Release|Any CPU
		{C7C47FD0-DB74-4748-A528-CC237AE92995}.Release|Any CPU.Build.0 = Release|Any CPU
		{C0DA0D49-7E66-4A3C-8A55-C2380BBB32C2}.Debug|Any CPU.ActiveCfg = Debug|Any CPU
		{C0DA0D49-7E66-4A3C-8A55-C2380BBB32C2}.Debug|Any CPU.Build.0 = Debug|Any CPU
		{C0DA0D49-7E66-4A3C-8A55-C2380BBB32C2}.Release|Any CPU.ActiveCfg = Release|Any CPU
		{C0DA0D49-7E66-4A3C-8A55-C2380BBB32C2}.Release|Any CPU.Build.0 = Release|Any CPU
		{1EC60AE8-5FBB-40D8-AB35-514E2925194B}.Debug|Any CPU.ActiveCfg = Debug|Any CPU
		{1EC60AE8-5FBB-40D8-AB35-514E2925194B}.Debug|Any CPU.Build.0 = Debug|Any CPU
		{1EC60AE8-5FBB-40D8-AB35-514E2925194B}.Release|Any CPU.ActiveCfg = Release|Any CPU
		{1EC60AE8-5FBB-40D8-AB35-514E2925194B}.Release|Any CPU.Build.0 = Release|Any CPU
	EndGlobalSection
	GlobalSection(SolutionProperties) = preSolution
		HideSolutionNode = FALSE
	EndGlobalSection
	GlobalSection(NestedProjects) = preSolution
		{2FF94865-AC08-40E6-914D-4880A3DDBF2C} = {75F25E2D-81E1-4727-8F51-265E6F2EEF1A}
		{5A4CE384-4271-451B-8200-37A823137247} = {98453C2A-3662-466A-A356-79D929C2C52A}
		{5668A1A1-684D-4946-897E-E15D824D386D} = {40031EF0-99A4-4B06-8E33-4A00B8B98D56}
		{318EF409-6093-45DF-A3B0-6F9638938C3E} = {75F25E2D-81E1-4727-8F51-265E6F2EEF1A}
		{31FE1946-121A-4315-8DF7-1F4FE8844150} = {2E85ECB0-5ED5-4E09-B69F-F5A5C5D78727}
		{87A3A579-6E6C-4DDB-ACF4-60193A154F90} = {9E189356-E38E-429E-8FEC-04A104BBD590}
		{331DD4D9-6186-4407-8D9E-FF8DF0A99E85} = {2E85ECB0-5ED5-4E09-B69F-F5A5C5D78727}
		{E131F990-9041-46F7-AEF2-E9F57A28E570} = {75F25E2D-81E1-4727-8F51-265E6F2EEF1A}
		{56DD3A3A-5778-4528-8053-48024D6F020C} = {04BFDC98-586D-4498-AB62-6C239C62E466}
		{EEE7C2C4-2E3F-4A67-A266-27CC4AFB3552} = {FAF32A54-736C-451A-ACE9-F30B00095D44}
		{AE6BF6D9-4D9D-4EC4-952B-FD2DC3C0A938} = {33054C29-CA4D-435A-AE16-545603BC8E2B}
		{93C0669A-68AE-409A-A9CD-B03ED75817AB} = {75F25E2D-81E1-4727-8F51-265E6F2EEF1A}
		{C7C47FD0-DB74-4748-A528-CC237AE92995} = {31421E91-FA27-473F-961E-9DD5DBEEE17E}
		{31421E91-FA27-473F-961E-9DD5DBEEE17E} = {E131F990-9041-46F7-AEF2-E9F57A28E570}
		{9E189356-E38E-429E-8FEC-04A104BBD590} = {E131F990-9041-46F7-AEF2-E9F57A28E570}
		{FAF32A54-736C-451A-ACE9-F30B00095D44} = {E131F990-9041-46F7-AEF2-E9F57A28E570}
		{40031EF0-99A4-4B06-8E33-4A00B8B98D56} = {E131F990-9041-46F7-AEF2-E9F57A28E570}
		{33054C29-CA4D-435A-AE16-545603BC8E2B} = {331DD4D9-6186-4407-8D9E-FF8DF0A99E85}
		{04BFDC98-586D-4498-AB62-6C239C62E466} = {331DD4D9-6186-4407-8D9E-FF8DF0A99E85}
		{98453C2A-3662-466A-A356-79D929C2C52A} = {331DD4D9-6186-4407-8D9E-FF8DF0A99E85}
		{C0DA0D49-7E66-4A3C-8A55-C2380BBB32C2} = {2E85ECB0-5ED5-4E09-B69F-F5A5C5D78727}
		{1EC60AE8-5FBB-40D8-AB35-514E2925194B} = {75F25E2D-81E1-4727-8F51-265E6F2EEF1A}
	EndGlobalSection
	GlobalSection(ExtensibilityGlobals) = postSolution
		SolutionGuid = {122C839F-B0D0-4DAD-B385-81276240D6C7}
	EndGlobalSection
EndGlobal
